<?xml version="1.0" encoding="UTF-8"?>
<Scheme
   LastUpgradeVersion = "1410"
   version = "1.3">
   <BuildAction
      parallelizeBuildables = "YES"
      buildImplicitDependencies = "YES">
      <BuildActionEntries>
         <BuildActionEntry
            buildForTesting = "YES"
            buildForRunning = "YES"
            buildForProfiling = "YES"
            buildForArchiving = "YES"
            buildForAnalyzing = "YES">
            <BuildableReference
               BuildableIdentifier = "primary"
               BlueprintIdentifier = "2CAB418629C2320600AB4077"
               BuildableName = "sys-tunnel-osx"
               BlueprintName = "sys-tunnel-osx"
               ReferencedContainer = "container:sys-tunnel.xcodeproj">
            </BuildableReference>
         </BuildActionEntry>
      </BuildActionEntries>
   </BuildAction>
   <TestAction
      buildConfiguration = "Debug"
      selectedDebuggerIdentifier = "Xcode.DebuggerFoundation.Debugger.LLDB"
      selectedLauncherIdentifier = "Xcode.DebuggerFoundation.Launcher.LLDB"
      shouldUseLaunchSchemeArgsEnv = "YES">
      <Testables>
      </Testables>
   </TestAction>
   <LaunchAction
      buildConfiguration = "Debug"
      selectedDebuggerIdentifier = "Xcode.DebuggerFoundation.Debugger.LLDB"
      selectedLauncherIdentifier = "Xcode.DebuggerFoundation.Launcher.LLDB"
      launchStyle = "0"
      useCustomWorkingDirectory = "NO"
      ignoresPersistentStateOnLaunch = "NO"
      debugDocumentVersioning = "YES"
      debugServiceExtension = "internal"
      allowLocationSimulation = "YES"
      viewDebuggingEnabled = "No">
      <BuildableProductRunnable
         runnableDebuggingMode = "0">
         <BuildableReference
            BuildableIdentifier = "primary"
            BlueprintIdentifier = "2CAB418629C2320600AB4077"
            BuildableName = "sys-tunnel-osx"
            BlueprintName = "sys-tunnel-osx"
            ReferencedContainer = "container:sys-tunnel.xcodeproj">
         </BuildableReference>
      </BuildableProductRunnable>
      <CommandLineArguments>
         <CommandLineArgument
            argument = "-printArgs"
            isEnabled = "YES">
         </CommandLineArgument>
         <CommandLineArgument
            argument = "-help"
            isEnabled = "NO">
         </CommandLineArgument>
         <CommandLineArgument
            argument = "-secsRunAndExit"
            isEnabled = "NO">
         </CommandLineArgument>
         <CommandLineArgument
            argument = "300"
            isEnabled = "NO">
         </CommandLineArgument>
         <CommandLineArgument
            argument = "-maxSecsWithoutConn"
            isEnabled = "NO">
         </CommandLineArgument>
         <CommandLineArgument
            argument = "180"
            isEnabled = "NO">
         </CommandLineArgument>
         <CommandLineArgument
            argument = "-maxConnsAndExit"
            isEnabled = "NO">
         </CommandLineArgument>
         <CommandLineArgument
            argument = "2"
            isEnabled = "NO">
         </CommandLineArgument>
         <CommandLineArgument
            argument = "-cfgStart"
            isEnabled = "YES">
         </CommandLineArgument>
         <CommandLineArgument
            argument = "-port"
            isEnabled = "YES">
         </CommandLineArgument>
         <CommandLineArgument
            argument = "1234"
            isEnabled = "YES">
         </CommandLineArgument>
         <CommandLineArgument
            argument = "-redir"
            isEnabled = "YES">
         </CommandLineArgument>
         <CommandLineArgument
            argument = "-server"
            isEnabled = "YES">
         </CommandLineArgument>
         <CommandLineArgument
            argument = "192.168.10.104"
            isEnabled = "YES">
         </CommandLineArgument>
         <CommandLineArgument
            argument = "-port"
            isEnabled = "YES">
         </CommandLineArgument>
         <CommandLineArgument
            argument = "1234"
            isEnabled = "YES">
         </CommandLineArgument>
         <CommandLineArgument
            argument = "-layer"
            isEnabled = "YES">
         </CommandLineArgument>
         <CommandLineArgument
            argument = "dump"
            isEnabled = "YES">
         </CommandLineArgument>
         <CommandLineArgument
            argument = "-dump"
            isEnabled = "YES">
         </CommandLineArgument>
         <CommandLineArgument
            argument = "-pathPrefix"
            isEnabled = "YES">
         </CommandLineArgument>
         <CommandLineArgument
            argument = "tunnel_lmstudio_captured"
            isEnabled = "YES">
         </CommandLineArgument>
         <CommandLineArgument
            argument = "-cfgEnd"
            isEnabled = "YES">
         </CommandLineArgument>
      </CommandLineArguments>
   </LaunchAction>
   <ProfileAction
      buildConfiguration = "Release"
      shouldUseLaunchSchemeArgsEnv = "YES"
      savedToolIdentifier = ""
      useCustomWorkingDirectory = "NO"
      debugDocumentVersioning = "YES">
      <BuildableProductRunnable
         runnableDebuggingMode = "0">
         <BuildableReference
            BuildableIdentifier = "primary"
            BlueprintIdentifier = "2CAB418629C2320600AB4077"
            BuildableName = "sys-tunnel-osx"
            BlueprintName = "sys-tunnel-osx"
            ReferencedContainer = "container:sys-tunnel.xcodeproj">
         </BuildableReference>
      </BuildableProductRunnable>
   </ProfileAction>
   <AnalyzeAction
      buildConfiguration = "Debug">
   </AnalyzeAction>
   <ArchiveAction
      buildConfiguration = "Release"
      revealArchiveInOrganizer = "YES">
   </ArchiveAction>
</Scheme>
