<?xml version="1.0" encoding="utf-8"?>
<Project ToolsVersion="4.0" xmlns="http://schemas.microsoft.com/developer/msbuild/2003">
  <ItemGroup>
    <Filter Include="core">
      <UniqueIdentifier>{93995380-89BD-4b04-88EB-625FBE52EBFB}</UniqueIdentifier>
      <Extensions>h;hh;hpp;hxx;h++;hm;inl;inc;ipp;xsd</Extensions>
    </Filter>
  </ItemGroup>
  <ItemGroup>
    <ClInclude Include="..\..\..\include\core\TNCore.h">
      <Filter>core</Filter>
    </ClInclude>
    <ClInclude Include="..\..\..\include\core\TNCoreCfg.h">
      <Filter>core</Filter>
    </ClInclude>
    <ClInclude Include="..\..\..\include\core\TNBuffs.h">
      <Filter>core</Filter>
    </ClInclude>
    <ClInclude Include="..\..\..\include\core\TNCorePort.h">
      <Filter>core</Filter>
    </ClInclude>
    <ClInclude Include="..\..\..\include\core\TNLyrBase.h">
      <Filter>core</Filter>
    </ClInclude>
    <ClInclude Include="..\..\..\include\core\TNLyrMask.h">
      <Filter>core</Filter>
    </ClInclude>
    <ClInclude Include="..\..\..\include\core\TNLyrSsl.h">
      <Filter>core</Filter>
    </ClInclude>
    <ClInclude Include="..\..\..\include\core\TNLyrIO.h">
      <Filter>core</Filter>
    </ClInclude>
    <ClInclude Include="..\..\..\include\core\TNLyrBase64.h">
      <Filter>core</Filter>
    </ClInclude>
  </ItemGroup>
  <ItemGroup>
    <ClCompile Include="..\..\..\src\core\TNCore.c">
      <Filter>core</Filter>
    </ClCompile>
    <ClCompile Include="..\..\..\src\core\TNCoreCfg.c">
      <Filter>core</Filter>
    </ClCompile>
    <ClCompile Include="..\..\..\src\core\TNBuffs.c">
      <Filter>core</Filter>
    </ClCompile>
    <ClCompile Include="..\..\..\src\core\TNCorePort.c">
      <Filter>core</Filter>
    </ClCompile>
    <ClCompile Include="..\..\..\src\core\TNLyrMask.c">
      <Filter>core</Filter>
    </ClCompile>
    <ClCompile Include="..\..\..\src\core\TNLyrSsl.c">
      <Filter>core</Filter>
    </ClCompile>
    <ClCompile Include="..\..\..\src\core\TNLyrIO.c">
      <Filter>core</Filter>
    </ClCompile>
    <ClCompile Include="..\..\..\src\core\TNLyrBase64.c">
      <Filter>core</Filter>
    </ClCompile>
  </ItemGroup>
</Project>